
Microsoft Visual Studio Solution File, Format Version 12.00
# Visual Studio Version 17
VisualStudioVersion = 17.5.002.0
MinimumVisualStudioVersion = 10.0.40219.1
Project("{9A19103F-16F7-4668-BE54-9A1E7A4F7556}") = "Calculator", "Calculator.csproj", "{3BBE896B-3D8D-40FC-9B4D-9A486E03C65F}"
EndProject
Global
	GlobalSection(SolutionConfigurationPlatforms) = preSolution
		Debug|Any CPU = Debug|Any CPU
		Release|Any CPU = Release|Any CPU
	EndGlobalSection
	GlobalSection(ProjectConfigurationPlatforms) = postSolution
		{3BBE896B-3D8D-40FC-9B4D-9A486E03C65F}.Debug|Any CPU.ActiveCfg = Debug|Any CPU
		{3BBE896B-3D8D-40FC-9B4D-9A486E03C65F}.Debug|Any CPU.Build.0 = Debug|Any CPU
		{3BBE896B-3D8D-40FC-9B4D-9A486E03C65F}.Release|Any CPU.ActiveCfg = Release|Any CPU
		{3BBE896B-3D8D-40FC-9B4D-9A486E03C65F}.Release|Any CPU.Build.0 = Release|Any CPU
	EndGlobalSection
	GlobalSection(SolutionProperties) = preSolution
		HideSolutionNode = FALSE
	EndGlobalSection
	GlobalSection(ExtensibilityGlobals) = postSolution
		SolutionGuid = {20C3D289-2D0C-4E13-B7F5-ADF7AA72275E}
	EndGlobalSection
EndGlobal
